// !$*UTF8*$!
{
	archiveVersion = 1;
	classes = {
	};
	objectVersion = 51;
	objects = {

/* Begin PBXBuildFile section */
		1C93D1E540043D9C1028F753 /* Pods_Redditor.framework in Frameworks */ = {isa = PBXBuildFile; fileRef = 11E023C16D5E4D964059E5CD /* Pods_Redditor.framework */; };
		408881DAB73E8CD9BE44936D /* Pods_RedditorTests.framework in Frameworks */ = {isa = PBXBuildFile; fileRef = 7FEFBF1ABB221260EACF3BF1 /* Pods_RedditorTests.framework */; };
		570E808722AEABEA004D6737 /* Assets.xcassets in Resources */ = {isa = PBXBuildFile; fileRef = 570E808622AEABEA004D6737 /* Assets.xcassets */; };
		572800D822AE157800CDAF4E /* AppDelegate.swift in Sources */ = {isa = PBXBuildFile; fileRef = 572800D722AE157800CDAF4E /* AppDelegate.swift */; };
		572800DA22AE157800CDAF4E /* ListNewsViewController.swift in Sources */ = {isa = PBXBuildFile; fileRef = 572800D922AE157800CDAF4E /* ListNewsViewController.swift */; };
		572800DF22AE157800CDAF4E /* Main.storyboard in Resources */ = {isa = PBXBuildFile; fileRef = 572800DD22AE157800CDAF4E /* Main.storyboard */; };
		572800E422AE157A00CDAF4E /* LaunchScreen.storyboard in Resources */ = {isa = PBXBuildFile; fileRef = 572800E222AE157A00CDAF4E /* LaunchScreen.storyboard */; };
		572800FB22AE1A2900CDAF4E /* RedditChildrenResponse.swift in Sources */ = {isa = PBXBuildFile; fileRef = 572800FA22AE1A2900CDAF4E /* RedditChildrenResponse.swift */; };
		5728010022AE1B4000CDAF4E /* RedditNewsDataResponse.swift in Sources */ = {isa = PBXBuildFile; fileRef = 572800FF22AE1B4000CDAF4E /* RedditNewsDataResponse.swift */; };
		5728010222AE1B4500CDAF4E /* RedditDataResponse.swift in Sources */ = {isa = PBXBuildFile; fileRef = 5728010122AE1B4500CDAF4E /* RedditDataResponse.swift */; };
		5728010422AE1B4600CDAF4E /* RedditNewsResponse.swift in Sources */ = {isa = PBXBuildFile; fileRef = 5728010322AE1B4600CDAF4E /* RedditNewsResponse.swift */; };
		5728010722AE1BD100CDAF4E /* RedditService+Gateway.swift in Sources */ = {isa = PBXBuildFile; fileRef = 5728010622AE1BD100CDAF4E /* RedditService+Gateway.swift */; };
		5728010A22AE1C4D00CDAF4E /* ListNewsGateway.swift in Sources */ = {isa = PBXBuildFile; fileRef = 5728010922AE1C4D00CDAF4E /* ListNewsGateway.swift */; };
		5728010C22AE1C9C00CDAF4E /* ListNewsPresenter.swift in Sources */ = {isa = PBXBuildFile; fileRef = 5728010B22AE1C9C00CDAF4E /* ListNewsPresenter.swift */; };
		5728011022AE1D2200CDAF4E /* News.swift in Sources */ = {isa = PBXBuildFile; fileRef = 5728010F22AE1D2200CDAF4E /* News.swift */; };
		5753C9F322AE22780004EC05 /* ListNewsViewController+View.swift in Sources */ = {isa = PBXBuildFile; fileRef = 5753C9F222AE22780004EC05 /* ListNewsViewController+View.swift */; };
		5753C9F522AE25160004EC05 /* NewViewCell.swift in Sources */ = {isa = PBXBuildFile; fileRef = 5753C9F422AE25160004EC05 /* NewViewCell.swift */; };
		5760A1BB22AEC9840085C437 /* ListNewsPresenterTest.swift in Sources */ = {isa = PBXBuildFile; fileRef = 5760A1BA22AEC9840085C437 /* ListNewsPresenterTest.swift */; };
		5760A1BD22AECBEA0085C437 /* StubListNewsView.swift in Sources */ = {isa = PBXBuildFile; fileRef = 5760A1BC22AECBEA0085C437 /* StubListNewsView.swift */; };
		5760A1C122AECFED0085C437 /* PromiseBasedTests.swift in Sources */ = {isa = PBXBuildFile; fileRef = 5760A1C022AECFED0085C437 /* PromiseBasedTests.swift */; };
		5760A1C322AED1950085C437 /* StubListNewsGateway.swift in Sources */ = {isa = PBXBuildFile; fileRef = 5760A1C222AED1950085C437 /* StubListNewsGateway.swift */; };
/* End PBXBuildFile section */

/* Begin PBXContainerItemProxy section */
		572800EB22AE157A00CDAF4E /* PBXContainerItemProxy */ = {
			isa = PBXContainerItemProxy;
			containerPortal = 572800CC22AE157800CDAF4E /* Project object */;
			proxyType = 1;
			remoteGlobalIDString = 572800D322AE157800CDAF4E;
			remoteInfo = Redditor;
		};
/* End PBXContainerItemProxy section */

/* Begin PBXFileReference section */
		0461C862A03161A120D3321E /* Pods-Redditor.debug.xcconfig */ = {isa = PBXFileReference; includeInIndex = 1; lastKnownFileType = text.xcconfig; name = "Pods-Redditor.debug.xcconfig"; path = "Pods/Target Support Files/Pods-Redditor/Pods-Redditor.debug.xcconfig"; sourceTree = "<group>"; };
		11E023C16D5E4D964059E5CD /* Pods_Redditor.framework */ = {isa = PBXFileReference; explicitFileType = wrapper.framework; includeInIndex = 0; path = Pods_Redditor.framework; sourceTree = BUILT_PRODUCTS_DIR; };
		570E808622AEABEA004D6737 /* Assets.xcassets */ = {isa = PBXFileReference; lastKnownFileType = folder.assetcatalog; path = Assets.xcassets; sourceTree = "<group>"; };
		572800D422AE157800CDAF4E /* Redditor.app */ = {isa = PBXFileReference; explicitFileType = wrapper.application; includeInIndex = 0; path = Redditor.app; sourceTree = BUILT_PRODUCTS_DIR; };
		572800D722AE157800CDAF4E /* AppDelegate.swift */ = {isa = PBXFileReference; lastKnownFileType = sourcecode.swift; path = AppDelegate.swift; sourceTree = "<group>"; };
		572800D922AE157800CDAF4E /* ListNewsViewController.swift */ = {isa = PBXFileReference; lastKnownFileType = sourcecode.swift; path = ListNewsViewController.swift; sourceTree = "<group>"; };
		572800DE22AE157800CDAF4E /* Base */ = {isa = PBXFileReference; lastKnownFileType = file.storyboard; name = Base; path = Base.lproj/Main.storyboard; sourceTree = "<group>"; };
		572800E322AE157A00CDAF4E /* Base */ = {isa = PBXFileReference; lastKnownFileType = file.storyboard; name = Base; path = Base.lproj/LaunchScreen.storyboard; sourceTree = "<group>"; };
		572800E522AE157A00CDAF4E /* Info.plist */ = {isa = PBXFileReference; lastKnownFileType = text.plist.xml; path = Info.plist; sourceTree = "<group>"; };
		572800EA22AE157A00CDAF4E /* RedditorTests.xctest */ = {isa = PBXFileReference; explicitFileType = wrapper.cfbundle; includeInIndex = 0; path = RedditorTests.xctest; sourceTree = BUILT_PRODUCTS_DIR; };
		572800F022AE157A00CDAF4E /* Info.plist */ = {isa = PBXFileReference; lastKnownFileType = text.plist.xml; path = Info.plist; sourceTree = "<group>"; };
		572800FA22AE1A2900CDAF4E /* RedditChildrenResponse.swift */ = {isa = PBXFileReference; lastKnownFileType = sourcecode.swift; path = RedditChildrenResponse.swift; sourceTree = "<group>"; };
		572800FF22AE1B4000CDAF4E /* RedditNewsDataResponse.swift */ = {isa = PBXFileReference; lastKnownFileType = sourcecode.swift; path = RedditNewsDataResponse.swift; sourceTree = "<group>"; };
		5728010122AE1B4500CDAF4E /* RedditDataResponse.swift */ = {isa = PBXFileReference; lastKnownFileType = sourcecode.swift; path = RedditDataResponse.swift; sourceTree = "<group>"; };
		5728010322AE1B4600CDAF4E /* RedditNewsResponse.swift */ = {isa = PBXFileReference; lastKnownFileType = sourcecode.swift; path = RedditNewsResponse.swift; sourceTree = "<group>"; };
		5728010622AE1BD100CDAF4E /* RedditService+Gateway.swift */ = {isa = PBXFileReference; lastKnownFileType = sourcecode.swift; path = "RedditService+Gateway.swift"; sourceTree = "<group>"; };
		5728010922AE1C4D00CDAF4E /* ListNewsGateway.swift */ = {isa = PBXFileReference; lastKnownFileType = sourcecode.swift; path = ListNewsGateway.swift; sourceTree = "<group>"; };
		5728010B22AE1C9C00CDAF4E /* ListNewsPresenter.swift */ = {isa = PBXFileReference; lastKnownFileType = sourcecode.swift; path = ListNewsPresenter.swift; sourceTree = "<group>"; };
		5728010F22AE1D2200CDAF4E /* News.swift */ = {isa = PBXFileReference; lastKnownFileType = sourcecode.swift; path = News.swift; sourceTree = "<group>"; };
		5753C9F222AE22780004EC05 /* ListNewsViewController+View.swift */ = {isa = PBXFileReference; lastKnownFileType = sourcecode.swift; path = "ListNewsViewController+View.swift"; sourceTree = "<group>"; };
		5753C9F422AE25160004EC05 /* NewViewCell.swift */ = {isa = PBXFileReference; lastKnownFileType = sourcecode.swift; path = NewViewCell.swift; sourceTree = "<group>"; };
		5760A1BA22AEC9840085C437 /* ListNewsPresenterTest.swift */ = {isa = PBXFileReference; lastKnownFileType = sourcecode.swift; path = ListNewsPresenterTest.swift; sourceTree = "<group>"; };
		5760A1BC22AECBEA0085C437 /* StubListNewsView.swift */ = {isa = PBXFileReference; lastKnownFileType = sourcecode.swift; path = StubListNewsView.swift; sourceTree = "<group>"; };
		5760A1C022AECFED0085C437 /* PromiseBasedTests.swift */ = {isa = PBXFileReference; fileEncoding = 4; lastKnownFileType = sourcecode.swift; path = PromiseBasedTests.swift; sourceTree = "<group>"; };
		5760A1C222AED1950085C437 /* StubListNewsGateway.swift */ = {isa = PBXFileReference; lastKnownFileType = sourcecode.swift; path = StubListNewsGateway.swift; sourceTree = "<group>"; };
		650E225056F85AAE5DE22073 /* Pods-Redditor.release.xcconfig */ = {isa = PBXFileReference; includeInIndex = 1; lastKnownFileType = text.xcconfig; name = "Pods-Redditor.release.xcconfig"; path = "Pods/Target Support Files/Pods-Redditor/Pods-Redditor.release.xcconfig"; sourceTree = "<group>"; };
		7FEFBF1ABB221260EACF3BF1 /* Pods_RedditorTests.framework */ = {isa = PBXFileReference; explicitFileType = wrapper.framework; includeInIndex = 0; path = Pods_RedditorTests.framework; sourceTree = BUILT_PRODUCTS_DIR; };
		B3F565334A298E2812FB6824 /* Pods-RedditorTests.debug.xcconfig */ = {isa = PBXFileReference; includeInIndex = 1; lastKnownFileType = text.xcconfig; name = "Pods-RedditorTests.debug.xcconfig"; path = "Pods/Target Support Files/Pods-RedditorTests/Pods-RedditorTests.debug.xcconfig"; sourceTree = "<group>"; };
		E3F76D55FDBC503E91AECB62 /* Pods-RedditorTests.release.xcconfig */ = {isa = PBXFileReference; includeInIndex = 1; lastKnownFileType = text.xcconfig; name = "Pods-RedditorTests.release.xcconfig"; path = "Pods/Target Support Files/Pods-RedditorTests/Pods-RedditorTests.release.xcconfig"; sourceTree = "<group>"; };
/* End PBXFileReference section */

/* Begin PBXFrameworksBuildPhase section */
		572800D122AE157800CDAF4E /* Frameworks */ = {
			isa = PBXFrameworksBuildPhase;
			buildActionMask = 2147483647;
			files = (
				1C93D1E540043D9C1028F753 /* Pods_Redditor.framework in Frameworks */,
			);
			runOnlyForDeploymentPostprocessing = 0;
		};
		572800E722AE157A00CDAF4E /* Frameworks */ = {
			isa = PBXFrameworksBuildPhase;
			buildActionMask = 2147483647;
			files = (
				408881DAB73E8CD9BE44936D /* Pods_RedditorTests.framework in Frameworks */,
			);
			runOnlyForDeploymentPostprocessing = 0;
		};
/* End PBXFrameworksBuildPhase section */

/* Begin PBXGroup section */
		572800CB22AE157800CDAF4E = {
			isa = PBXGroup;
			children = (
				572800D622AE157800CDAF4E /* Redditor */,
				572800ED22AE157A00CDAF4E /* RedditorTests */,
				572800D522AE157800CDAF4E /* Products */,
				F095421E375027256FA3E2BB /* Pods */,
				E461C24C8D303D582BD93E9A /* Frameworks */,
			);
			sourceTree = "<group>";
		};
		572800D522AE157800CDAF4E /* Products */ = {
			isa = PBXGroup;
			children = (
				572800D422AE157800CDAF4E /* Redditor.app */,
				572800EA22AE157A00CDAF4E /* RedditorTests.xctest */,
			);
			name = Products;
			sourceTree = "<group>";
		};
		572800D622AE157800CDAF4E /* Redditor */ = {
			isa = PBXGroup;
			children = (
				5728010E22AE1D1600CDAF4E /* Models */,
				5728010D22AE1CAE00CDAF4E /* Features */,
				572800D722AE157800CDAF4E /* AppDelegate.swift */,
				570E808622AEABEA004D6737 /* Assets.xcassets */,
				572800DD22AE157800CDAF4E /* Main.storyboard */,
				572800E222AE157A00CDAF4E /* LaunchScreen.storyboard */,
				572800E522AE157A00CDAF4E /* Info.plist */,
			);
			path = Redditor;
			sourceTree = "<group>";
		};
		572800ED22AE157A00CDAF4E /* RedditorTests */ = {
			isa = PBXGroup;
			children = (
				5760A1C022AECFED0085C437 /* PromiseBasedTests.swift */,
				5760A1B722AEC9190085C437 /* Features */,
				572800F022AE157A00CDAF4E /* Info.plist */,
			);
			path = RedditorTests;
			sourceTree = "<group>";
		};
		572800F922AE1A0800CDAF4E /* Service */ = {
			isa = PBXGroup;
			children = (
				572800FC22AE1B1D00CDAF4E /* Api */,
				5728010922AE1C4D00CDAF4E /* ListNewsGateway.swift */,
				5728010622AE1BD100CDAF4E /* RedditService+Gateway.swift */,
			);
			path = Service;
			sourceTree = "<group>";
		};
		572800FC22AE1B1D00CDAF4E /* Api */ = {
			isa = PBXGroup;
			children = (
				572800FA22AE1A2900CDAF4E /* RedditChildrenResponse.swift */,
				5728010322AE1B4600CDAF4E /* RedditNewsResponse.swift */,
				5728010122AE1B4500CDAF4E /* RedditDataResponse.swift */,
				572800FF22AE1B4000CDAF4E /* RedditNewsDataResponse.swift */,
			);
			path = Api;
			sourceTree = "<group>";
		};
		5728010822AE1BE600CDAF4E /* List News */ = {
			isa = PBXGroup;
			children = (
				5753C9F122AE225B0004EC05 /* Views */,
				572800F922AE1A0800CDAF4E /* Service */,
				5728010B22AE1C9C00CDAF4E /* ListNewsPresenter.swift */,
			);
			path = "List News";
			sourceTree = "<group>";
		};
		5728010D22AE1CAE00CDAF4E /* Features */ = {
			isa = PBXGroup;
			children = (
				5728010822AE1BE600CDAF4E /* List News */,
			);
			path = Features;
			sourceTree = "<group>";
		};
		5728010E22AE1D1600CDAF4E /* Models */ = {
			isa = PBXGroup;
			children = (
				5728010F22AE1D2200CDAF4E /* News.swift */,
			);
			path = Models;
			sourceTree = "<group>";
		};
		5753C9F122AE225B0004EC05 /* Views */ = {
			isa = PBXGroup;
			children = (
				572800D922AE157800CDAF4E /* ListNewsViewController.swift */,
				5753C9F222AE22780004EC05 /* ListNewsViewController+View.swift */,
				5753C9F422AE25160004EC05 /* NewViewCell.swift */,
			);
			path = Views;
			sourceTree = "<group>";
		};
		5760A1B722AEC9190085C437 /* Features */ = {
			isa = PBXGroup;
			children = (
				5760A1B822AEC92D0085C437 /* List News */,
			);
			path = Features;
			sourceTree = "<group>";
		};
		5760A1B822AEC92D0085C437 /* List News */ = {
			isa = PBXGroup;
			children = (
				5760A1BA22AEC9840085C437 /* ListNewsPresenterTest.swift */,
				5760A1BC22AECBEA0085C437 /* StubListNewsView.swift */,
				5760A1C222AED1950085C437 /* StubListNewsGateway.swift */,
			);
			path = "List News";
			sourceTree = "<group>";
		};
		E461C24C8D303D582BD93E9A /* Frameworks */ = {
			isa = PBXGroup;
			children = (
				11E023C16D5E4D964059E5CD /* Pods_Redditor.framework */,
				7FEFBF1ABB221260EACF3BF1 /* Pods_RedditorTests.framework */,
			);
			name = Frameworks;
			sourceTree = "<group>";
		};
		F095421E375027256FA3E2BB /* Pods */ = {
			isa = PBXGroup;
			children = (
				0461C862A03161A120D3321E /* Pods-Redditor.debug.xcconfig */,
				650E225056F85AAE5DE22073 /* Pods-Redditor.release.xcconfig */,
				B3F565334A298E2812FB6824 /* Pods-RedditorTests.debug.xcconfig */,
				E3F76D55FDBC503E91AECB62 /* Pods-RedditorTests.release.xcconfig */,
			);
			name = Pods;
			sourceTree = "<group>";
		};
/* End PBXGroup section */

/* Begin PBXNativeTarget section */
		572800D322AE157800CDAF4E /* Redditor */ = {
			isa = PBXNativeTarget;
			buildConfigurationList = 572800F322AE157A00CDAF4E /* Build configuration list for PBXNativeTarget "Redditor" */;
			buildPhases = (
				CB859E410F246C6D8CC00A58 /* [CP] Check Pods Manifest.lock */,
				572800D022AE157800CDAF4E /* Sources */,
				572800D122AE157800CDAF4E /* Frameworks */,
				572800D222AE157800CDAF4E /* Resources */,
				AAB1F42F461D9BB12B2A6110 /* [CP] Embed Pods Frameworks */,
			);
			buildRules = (
			);
			dependencies = (
			);
			name = Redditor;
			productName = Redditor;
			productReference = 572800D422AE157800CDAF4E /* Redditor.app */;
			productType = "com.apple.product-type.application";
		};
		572800E922AE157A00CDAF4E /* RedditorTests */ = {
			isa = PBXNativeTarget;
			buildConfigurationList = 572800F622AE157A00CDAF4E /* Build configuration list for PBXNativeTarget "RedditorTests" */;
			buildPhases = (
				FD323D51E18C2AFBB288CF02 /* [CP] Check Pods Manifest.lock */,
				572800E622AE157A00CDAF4E /* Sources */,
				572800E722AE157A00CDAF4E /* Frameworks */,
				572800E822AE157A00CDAF4E /* Resources */,
			);
			buildRules = (
			);
			dependencies = (
				572800EC22AE157A00CDAF4E /* PBXTargetDependency */,
			);
			name = RedditorTests;
			productName = RedditorTests;
			productReference = 572800EA22AE157A00CDAF4E /* RedditorTests.xctest */;
			productType = "com.apple.product-type.bundle.unit-test";
		};
/* End PBXNativeTarget section */

/* Begin PBXProject section */
		572800CC22AE157800CDAF4E /* Project object */ = {
			isa = PBXProject;
			attributes = {
				LastSwiftUpdateCheck = 1020;
				LastUpgradeCheck = 1020;
				ORGANIZATIONNAME = vrenan;
				TargetAttributes = {
					572800D322AE157800CDAF4E = {
						CreatedOnToolsVersion = 10.2.1;
					};
					572800E922AE157A00CDAF4E = {
						CreatedOnToolsVersion = 10.2.1;
						TestTargetID = 572800D322AE157800CDAF4E;
					};
				};
			};
			buildConfigurationList = 572800CF22AE157800CDAF4E /* Build configuration list for PBXProject "Redditor" */;
			compatibilityVersion = "Xcode 9.3";
			developmentRegion = en;
			hasScannedForEncodings = 0;
			knownRegions = (
				en,
				Base,
			);
			mainGroup = 572800CB22AE157800CDAF4E;
			productRefGroup = 572800D522AE157800CDAF4E /* Products */;
			projectDirPath = "";
			projectRoot = "";
			targets = (
				572800D322AE157800CDAF4E /* Redditor */,
				572800E922AE157A00CDAF4E /* RedditorTests */,
			);
		};
/* End PBXProject section */

/* Begin PBXResourcesBuildPhase section */
		572800D222AE157800CDAF4E /* Resources */ = {
			isa = PBXResourcesBuildPhase;
			buildActionMask = 2147483647;
			files = (
				572800E422AE157A00CDAF4E /* LaunchScreen.storyboard in Resources */,
				570E808722AEABEA004D6737 /* Assets.xcassets in Resources */,
				572800DF22AE157800CDAF4E /* Main.storyboard in Resources */,
			);
			runOnlyForDeploymentPostprocessing = 0;
		};
		572800E822AE157A00CDAF4E /* Resources */ = {
			isa = PBXResourcesBuildPhase;
			buildActionMask = 2147483647;
			files = (
			);
			runOnlyForDeploymentPostprocessing = 0;
		};
/* End PBXResourcesBuildPhase section */

/* Begin PBXShellScriptBuildPhase section */
		AAB1F42F461D9BB12B2A6110 /* [CP] Embed Pods Frameworks */ = {
			isa = PBXShellScriptBuildPhase;
			buildActionMask = 2147483647;
			files = (
			);
			inputFileListPaths = (
				"${PODS_ROOT}/Target Support Files/Pods-Redditor/Pods-Redditor-frameworks-${CONFIGURATION}-input-files.xcfilelist",
			);
			name = "[CP] Embed Pods Frameworks";
			outputFileListPaths = (
				"${PODS_ROOT}/Target Support Files/Pods-Redditor/Pods-Redditor-frameworks-${CONFIGURATION}-output-files.xcfilelist",
			);
			runOnlyForDeploymentPostprocessing = 0;
			shellPath = /bin/sh;
			shellScript = "\"${PODS_ROOT}/Target Support Files/Pods-Redditor/Pods-Redditor-frameworks.sh\"\n";
			showEnvVarsInLog = 0;
		};
		CB859E410F246C6D8CC00A58 /* [CP] Check Pods Manifest.lock */ = {
			isa = PBXShellScriptBuildPhase;
			buildActionMask = 2147483647;
			files = (
			);
			inputFileListPaths = (
			);
			inputPaths = (
				"${PODS_PODFILE_DIR_PATH}/Podfile.lock",
				"${PODS_ROOT}/Manifest.lock",
			);
			name = "[CP] Check Pods Manifest.lock";
			outputFileListPaths = (
			);
			outputPaths = (
				"$(DERIVED_FILE_DIR)/Pods-Redditor-checkManifestLockResult.txt",
			);
			runOnlyForDeploymentPostprocessing = 0;
			shellPath = /bin/sh;
			shellScript = "diff \"${PODS_PODFILE_DIR_PATH}/Podfile.lock\" \"${PODS_ROOT}/Manifest.lock\" > /dev/null\nif [ $? != 0 ] ; then\n    # print error to STDERR\n    echo \"error: The sandbox is not in sync with the Podfile.lock. Run 'pod install' or update your CocoaPods installation.\" >&2\n    exit 1\nfi\n# This output is used by Xcode 'outputs' to avoid re-running this script phase.\necho \"SUCCESS\" > \"${SCRIPT_OUTPUT_FILE_0}\"\n";
			showEnvVarsInLog = 0;
		};
		FD323D51E18C2AFBB288CF02 /* [CP] Check Pods Manifest.lock */ = {
			isa = PBXShellScriptBuildPhase;
			buildActionMask = 2147483647;
			files = (
			);
			inputFileListPaths = (
			);
			inputPaths = (
				"${PODS_PODFILE_DIR_PATH}/Podfile.lock",
				"${PODS_ROOT}/Manifest.lock",
			);
			name = "[CP] Check Pods Manifest.lock";
			outputFileListPaths = (
			);
			outputPaths = (
				"$(DERIVED_FILE_DIR)/Pods-RedditorTests-checkManifestLockResult.txt",
			);
			runOnlyForDeploymentPostprocessing = 0;
			shellPath = /bin/sh;
			shellScript = "diff \"${PODS_PODFILE_DIR_PATH}/Podfile.lock\" \"${PODS_ROOT}/Manifest.lock\" > /dev/null\nif [ $? != 0 ] ; then\n    # print error to STDERR\n    echo \"error: The sandbox is not in sync with the Podfile.lock. Run 'pod install' or update your CocoaPods installation.\" >&2\n    exit 1\nfi\n# This output is used by Xcode 'outputs' to avoid re-running this script phase.\necho \"SUCCESS\" > \"${SCRIPT_OUTPUT_FILE_0}\"\n";
			showEnvVarsInLog = 0;
		};
/* End PBXShellScriptBuildPhase section */

/* Begin PBXSourcesBuildPhase section */
		572800D022AE157800CDAF4E /* Sources */ = {
			isa = PBXSourcesBuildPhase;
			buildActionMask = 2147483647;
			files = (
				5728010C22AE1C9C00CDAF4E /* ListNewsPresenter.swift in Sources */,
				5753C9F522AE25160004EC05 /* NewViewCell.swift in Sources */,
				5728010722AE1BD100CDAF4E /* RedditService+Gateway.swift in Sources */,
				572800FB22AE1A2900CDAF4E /* RedditChildrenResponse.swift in Sources */,
				572800DA22AE157800CDAF4E /* ListNewsViewController.swift in Sources */,
				5728010422AE1B4600CDAF4E /* RedditNewsResponse.swift in Sources */,
				572800D822AE157800CDAF4E /* AppDelegate.swift in Sources */,
				5753C9F322AE22780004EC05 /* ListNewsViewController+View.swift in Sources */,
				5728010222AE1B4500CDAF4E /* RedditDataResponse.swift in Sources */,
				5728010022AE1B4000CDAF4E /* RedditNewsDataResponse.swift in Sources */,
				5728011022AE1D2200CDAF4E /* News.swift in Sources */,
				5728010A22AE1C4D00CDAF4E /* ListNewsGateway.swift in Sources */,
			);
			runOnlyForDeploymentPostprocessing = 0;
		};
		572800E622AE157A00CDAF4E /* Sources */ = {
			isa = PBXSourcesBuildPhase;
			buildActionMask = 2147483647;
			files = (
				5760A1BB22AEC9840085C437 /* ListNewsPresenterTest.swift in Sources */,
				5760A1C322AED1950085C437 /* StubListNewsGateway.swift in Sources */,
				5760A1C122AECFED0085C437 /* PromiseBasedTests.swift in Sources */,
				5760A1BD22AECBEA0085C437 /* StubListNewsView.swift in Sources */,
			);
			runOnlyForDeploymentPostprocessing = 0;
		};
/* End PBXSourcesBuildPhase section */

/* Begin PBXTargetDependency section */
		572800EC22AE157A00CDAF4E /* PBXTargetDependency */ = {
			isa = PBXTargetDependency;
			target = 572800D322AE157800CDAF4E /* Redditor */;
			targetProxy = 572800EB22AE157A00CDAF4E /* PBXContainerItemProxy */;
		};
/* End PBXTargetDependency section */

/* Begin PBXVariantGroup section */
		572800DD22AE157800CDAF4E /* Main.storyboard */ = {
			isa = PBXVariantGroup;
			children = (
				572800DE22AE157800CDAF4E /* Base */,
			);
			name = Main.storyboard;
			sourceTree = "<group>";
		};
		572800E222AE157A00CDAF4E /* LaunchScreen.storyboard */ = {
			isa = PBXVariantGroup;
			children = (
				572800E322AE157A00CDAF4E /* Base */,
			);
			name = LaunchScreen.storyboard;
			sourceTree = "<group>";
		};
/* End PBXVariantGroup section */

/* Begin XCBuildConfiguration section */
		572800F122AE157A00CDAF4E /* Debug */ = {
			isa = XCBuildConfiguration;
			buildSettings = {
				ALWAYS_SEARCH_USER_PATHS = NO;
				CLANG_ANALYZER_NONNULL = YES;
				CLANG_ANALYZER_NUMBER_OBJECT_CONVERSION = YES_AGGRESSIVE;
				CLANG_CXX_LANGUAGE_STANDARD = "gnu++14";
				CLANG_CXX_LIBRARY = "libc++";
				CLANG_ENABLE_MODULES = YES;
				CLANG_ENABLE_OBJC_ARC = YES;
				CLANG_ENABLE_OBJC_WEAK = YES;
				CLANG_WARN_BLOCK_CAPTURE_AUTORELEASING = YES;
				CLANG_WARN_BOOL_CONVERSION = YES;
				CLANG_WARN_COMMA = YES;
				CLANG_WARN_CONSTANT_CONVERSION = YES;
				CLANG_WARN_DEPRECATED_OBJC_IMPLEMENTATIONS = YES;
				CLANG_WARN_DIRECT_OBJC_ISA_USAGE = YES_ERROR;
				CLANG_WARN_DOCUMENTATION_COMMENTS = YES;
				CLANG_WARN_EMPTY_BODY = YES;
				CLANG_WARN_ENUM_CONVERSION = YES;
				CLANG_WARN_INFINITE_RECURSION = YES;
				CLANG_WARN_INT_CONVERSION = YES;
				CLANG_WARN_NON_LITERAL_NULL_CONVERSION = YES;
				CLANG_WARN_OBJC_IMPLICIT_RETAIN_SELF = YES;
				CLANG_WARN_OBJC_LITERAL_CONVERSION = YES;
				CLANG_WARN_OBJC_ROOT_CLASS = YES_ERROR;
				CLANG_WARN_RANGE_LOOP_ANALYSIS = YES;
				CLANG_WARN_STRICT_PROTOTYPES = YES;
				CLANG_WARN_SUSPICIOUS_MOVE = YES;
				CLANG_WARN_UNGUARDED_AVAILABILITY = YES_AGGRESSIVE;
				CLANG_WARN_UNREACHABLE_CODE = YES;
				CLANG_WARN__DUPLICATE_METHOD_MATCH = YES;
				CODE_SIGN_IDENTITY = "iPhone Developer";
				COPY_PHASE_STRIP = NO;
				DEBUG_INFORMATION_FORMAT = dwarf;
				ENABLE_STRICT_OBJC_MSGSEND = YES;
				ENABLE_TESTABILITY = YES;
				GCC_C_LANGUAGE_STANDARD = gnu11;
				GCC_DYNAMIC_NO_PIC = NO;
				GCC_NO_COMMON_BLOCKS = YES;
				GCC_OPTIMIZATION_LEVEL = 0;
				GCC_PREPROCESSOR_DEFINITIONS = (
					"DEBUG=1",
					"$(inherited)",
				);
				GCC_WARN_64_TO_32_BIT_CONVERSION = YES;
				GCC_WARN_ABOUT_RETURN_TYPE = YES_ERROR;
				GCC_WARN_UNDECLARED_SELECTOR = YES;
				GCC_WARN_UNINITIALIZED_AUTOS = YES_AGGRESSIVE;
				GCC_WARN_UNUSED_FUNCTION = YES;
				GCC_WARN_UNUSED_VARIABLE = YES;
				IPHONEOS_DEPLOYMENT_TARGET = 12.2;
				MTL_ENABLE_DEBUG_INFO = INCLUDE_SOURCE;
				MTL_FAST_MATH = YES;
				ONLY_ACTIVE_ARCH = YES;
				SDKROOT = iphoneos;
				SWIFT_ACTIVE_COMPILATION_CONDITIONS = DEBUG;
				SWIFT_OPTIMIZATION_LEVEL = "-Onone";
			};
			name = Debug;
		};
		572800F222AE157A00CDAF4E /* Release */ = {
			isa = XCBuildConfiguration;
			buildSettings = {
				ALWAYS_SEARCH_USER_PATHS = NO;
				CLANG_ANALYZER_NONNULL = YES;
				CLANG_ANALYZER_NUMBER_OBJECT_CONVERSION = YES_AGGRESSIVE;
				CLANG_CXX_LANGUAGE_STANDARD = "gnu++14";
				CLANG_CXX_LIBRARY = "libc++";
				CLANG_ENABLE_MODULES = YES;
				CLANG_ENABLE_OBJC_ARC = YES;
				CLANG_ENABLE_OBJC_WEAK = YES;
				CLANG_WARN_BLOCK_CAPTURE_AUTORELEASING = YES;
				CLANG_WARN_BOOL_CONVERSION = YES;
				CLANG_WARN_COMMA = YES;
				CLANG_WARN_CONSTANT_CONVERSION = YES;
				CLANG_WARN_DEPRECATED_OBJC_IMPLEMENTATIONS = YES;
				CLANG_WARN_DIRECT_OBJC_ISA_USAGE = YES_ERROR;
				CLANG_WARN_DOCUMENTATION_COMMENTS = YES;
				CLANG_WARN_EMPTY_BODY = YES;
				CLANG_WARN_ENUM_CONVERSION = YES;
				CLANG_WARN_INFINITE_RECURSION = YES;
				CLANG_WARN_INT_CONVERSION = YES;
				CLANG_WARN_NON_LITERAL_NULL_CONVERSION = YES;
				CLANG_WARN_OBJC_IMPLICIT_RETAIN_SELF = YES;
				CLANG_WARN_OBJC_LITERAL_CONVERSION = YES;
				CLANG_WARN_OBJC_ROOT_CLASS = YES_ERROR;
				CLANG_WARN_RANGE_LOOP_ANALYSIS = YES;
				CLANG_WARN_STRICT_PROTOTYPES = YES;
				CLANG_WARN_SUSPICIOUS_MOVE = YES;
				CLANG_WARN_UNGUARDED_AVAILABILITY = YES_AGGRESSIVE;
				CLANG_WARN_UNREACHABLE_CODE = YES;
				CLANG_WARN__DUPLICATE_METHOD_MATCH = YES;
				CODE_SIGN_IDENTITY = "iPhone Developer";
				COPY_PHASE_STRIP = NO;
				DEBUG_INFORMATION_FORMAT = "dwarf-with-dsym";
				ENABLE_NS_ASSERTIONS = NO;
				ENABLE_STRICT_OBJC_MSGSEND = YES;
				GCC_C_LANGUAGE_STANDARD = gnu11;
				GCC_NO_COMMON_BLOCKS = YES;
				GCC_WARN_64_TO_32_BIT_CONVERSION = YES;
				GCC_WARN_ABOUT_RETURN_TYPE = YES_ERROR;
				GCC_WARN_UNDECLARED_SELECTOR = YES;
				GCC_WARN_UNINITIALIZED_AUTOS = YES_AGGRESSIVE;
				GCC_WARN_UNUSED_FUNCTION = YES;
				GCC_WARN_UNUSED_VARIABLE = YES;
				IPHONEOS_DEPLOYMENT_TARGET = 12.2;
				MTL_ENABLE_DEBUG_INFO = NO;
				MTL_FAST_MATH = YES;
				SDKROOT = iphoneos;
				SWIFT_COMPILATION_MODE = wholemodule;
				SWIFT_OPTIMIZATION_LEVEL = "-O";
				VALIDATE_PRODUCT = YES;
			};
			name = Release;
		};
		572800F422AE157A00CDAF4E /* Debug */ = {
			isa = XCBuildConfiguration;
			baseConfigurationReference = 0461C862A03161A120D3321E /* Pods-Redditor.debug.xcconfig */;
			buildSettings = {
				ASSETCATALOG_COMPILER_APPICON_NAME = AppIcon;
				ASSETCATALOG_COMPILER_LAUNCHIMAGE_NAME = LaunchImage;
				CODE_SIGN_STYLE = Automatic;
				DEVELOPMENT_TEAM = R2YSM4MY6R;
				INFOPLIST_FILE = Redditor/Info.plist;
				LD_RUNPATH_SEARCH_PATHS = (
					"$(inherited)",
					"@executable_path/Frameworks",
				);
				PRODUCT_BUNDLE_IDENTIFIER = io.vrenan.Redditor;
				PRODUCT_NAME = "$(TARGET_NAME)";
				SWIFT_VERSION = 5.0;
				TARGETED_DEVICE_FAMILY = "1,2";
			};
			name = Debug;
		};
		572800F522AE157A00CDAF4E /* Release */ = {
			isa = XCBuildConfiguration;
			baseConfigurationReference = 650E225056F85AAE5DE22073 /* Pods-Redditor.release.xcconfig */;
			buildSettings = {
				ASSETCATALOG_COMPILER_APPICON_NAME = AppIcon;
				ASSETCATALOG_COMPILER_LAUNCHIMAGE_NAME = LaunchImage;
				CODE_SIGN_STYLE = Automatic;
				DEVELOPMENT_TEAM = R2YSM4MY6R;
				INFOPLIST_FILE = Redditor/Info.plist;
				LD_RUNPATH_SEARCH_PATHS = (
					"$(inherited)",
					"@executable_path/Frameworks",
				);
				PRODUCT_BUNDLE_IDENTIFIER = io.vrenan.Redditor;
				PRODUCT_NAME = "$(TARGET_NAME)";
				SWIFT_VERSION = 5.0;
				TARGETED_DEVICE_FAMILY = "1,2";
			};
			name = Release;
		};
		572800F722AE157A00CDAF4E /* Debug */ = {
			isa = XCBuildConfiguration;
			baseConfigurationReference = B3F565334A298E2812FB6824 /* Pods-RedditorTests.debug.xcconfig */;
			buildSettings = {
				ALWAYS_EMBED_SWIFT_STANDARD_LIBRARIES = YES;
				BUNDLE_LOADER = "$(TEST_HOST)";
				CODE_SIGN_STYLE = Automatic;
				DEVELOPMENT_TEAM = R2YSM4MY6R;
				INFOPLIST_FILE = RedditorTests/Info.plist;
				LD_RUNPATH_SEARCH_PATHS = (
					"$(inherited)",
					"@executable_path/Frameworks",
					"@loader_path/Frameworks",
				);
				PRODUCT_BUNDLE_IDENTIFIER = io.vrenan.RedditorTests;
				PRODUCT_NAME = "$(TARGET_NAME)";
				SWIFT_VERSION = 5.0;
				TARGETED_DEVICE_FAMILY = "1,2";
				TEST_HOST = "$(BUILT_PRODUCTS_DIR)/Redditor.app/Redditor";
			};
			name = Debug;
		};
		572800F822AE157A00CDAF4E /* Release */ = {
			isa = XCBuildConfiguration;
			baseConfigurationReference = E3F76D55FDBC503E91AECB62 /* Pods-RedditorTests.release.xcconfig */;
			buildSettings = {
				ALWAYS_EMBED_SWIFT_STANDARD_LIBRARIES = YES;
				BUNDLE_LOADER = "$(TEST_HOST)";
				CODE_SIGN_STYLE = Automatic;
				DEVELOPMENT_TEAM = R2YSM4MY6R;
				INFOPLIST_FILE = RedditorTests/Info.plist;
				LD_RUNPATH_SEARCH_PATHS = (
					"$(inherited)",
					"@executable_path/Frameworks",
					"@loader_path/Frameworks",
				);
				PRODUCT_BUNDLE_IDENTIFIER = io.vrenan.RedditorTests;
				PRODUCT_NAME = "$(TARGET_NAME)";
				SWIFT_VERSION = 5.0;
				TARGETED_DEVICE_FAMILY = "1,2";
				TEST_HOST = "$(BUILT_PRODUCTS_DIR)/Redditor.app/Redditor";
			};
			name = Release;
		};
/* End XCBuildConfiguration section */

/* Begin XCConfigurationList section */
		572800CF22AE157800CDAF4E /* Build configuration list for PBXProject "Redditor" */ = {
			isa = XCConfigurationList;
			buildConfigurations = (
				572800F122AE157A00CDAF4E /* Debug */,
				572800F222AE157A00CDAF4E /* Release */,
			);
			defaultConfigurationIsVisible = 0;
			defaultConfigurationName = Release;
		};
		572800F322AE157A00CDAF4E /* Build configuration list for PBXNativeTarget "Redditor" */ = {
			isa = XCConfigurationList;
			buildConfigurations = (
				572800F422AE157A00CDAF4E /* Debug */,
				572800F522AE157A00CDAF4E /* Release */,
			);
			defaultConfigurationIsVisible = 0;
			defaultConfigurationName = Release;
		};
		572800F622AE157A00CDAF4E /* Build configuration list for PBXNativeTarget "RedditorTests" */ = {
			isa = XCConfigurationList;
			buildConfigurations = (
				572800F722AE157A00CDAF4E /* Debug */,
				572800F822AE157A00CDAF4E /* Release */,
			);
			defaultConfigurationIsVisible = 0;
			defaultConfigurationName = Release;
		};
/* End XCConfigurationList section */
	};
	rootObject = 572800CC22AE157800CDAF4E /* Project object */;
}
